<?xml version="1.0" encoding="utf-8"?>
<Project ToolsVersion="4.0" xmlns="http://schemas.microsoft.com/developer/msbuild/2003">
  <ItemGroup>
    <Filter Include="Source Files">
      <UniqueIdentifier>{4FC737F1-C7A5-4376-A066-2A32D752A2FF}</UniqueIdentifier>
      <Extensions>qml;cpp;c;cc;cxx;def;odl;idl;hpj;bat;asm;asmx</Extensions>
    </Filter>
    <Filter Include="Header Files">
      <UniqueIdentifier>{93995380-89BD-4b04-88EB-625FBE52EBFB}</UniqueIdentifier>
      <Extensions>h;hh;hpp;hxx;hm;inl;inc;xsd</Extensions>
    </Filter>
    <Filter Include="Resource Files">
      <UniqueIdentifier>{67DA6AB6-F800-4c08-8B7A-83BB121AAD01}</UniqueIdentifier>
      <Extensions>qrc;rc;ico;cur;bmp;dlg;rc2;rct;bin;rgs;gif;jpg;jpeg;jpe;resx;tiff;tif;png;wav;mfcribbon-ms</Extensions>
    </Filter>
    <Filter Include="Form Files">
      <UniqueIdentifier>{99349809-55BA-4b9d-BF79-8FDBB0286EB3}</UniqueIdentifier>
      <Extensions>ui</Extensions>
    </Filter>
    <Filter Include="Translation Files">
      <UniqueIdentifier>{639EADAA-A684-42e4-A9AD-28FC9BCB8F7C}</UniqueIdentifier>
      <Extensions>ts</Extensions>
    </Filter>
    <Filter Include="upload_file">
      <UniqueIdentifier>{536a1733-370d-4fe1-b66d-95f83218066b}</UniqueIdentifier>
    </Filter>
    <Filter Include="upload_json">
      <UniqueIdentifier>{f14f81d3-babf-4e01-8c3e-69665dcf233a}</UniqueIdentifier>
    </Filter>
    <Filter Include="wget_c_file">
      <UniqueIdentifier>{88f51082-b319-4acf-9170-1469a9a3929d}</UniqueIdentifier>
    </Filter>
  </ItemGroup>
  <ItemGroup>
    <QtRcc Include="server_page.qrc">
      <Filter>Resource Files</Filter>
    </QtRcc>
    <QtUic Include="server_page.ui">
      <Filter>Form Files</Filter>
    </QtUic>
    <QtMoc Include="server_page.h">
      <Filter>Header Files</Filter>
    </QtMoc>
    <ClCompile Include="server_page.cpp">
      <Filter>Source Files</Filter>
    </ClCompile>
  </ItemGroup>
  <ItemGroup>
    <ClCompile Include="main.cpp">
      <Filter>Source Files</Filter>
    </ClCompile>
    <ClCompile Include="GxJsonUtility.cpp">
      <Filter>Source Files</Filter>
    </ClCompile>
    <ClCompile Include="rapidjson_deserialize.cpp">
      <Filter>Source Files</Filter>
    </ClCompile>
    <ClCompile Include="rapidjson_serialize.cpp">
      <Filter>Source Files</Filter>
    </ClCompile>
    <ClCompile Include="upload_json_session.cpp">
      <Filter>upload_json</Filter>
    </ClCompile>
    <ClCompile Include="upload_file_session.cpp">
      <Filter>upload_file</Filter>
    </ClCompile>
    <ClCompile Include="wget_c_file_session.cpp">
      <Filter>wget_c_file</Filter>
    </ClCompile>
  </ItemGroup>
  <ItemGroup>
    <Image Include="images\server.ico">
      <Filter>Resource Files</Filter>
    </Image>
    <Image Include="images\1.png">
      <Filter>Resource Files</Filter>
    </Image>
  </ItemGroup>
  <ItemGroup>
    <ClInclude Include="common.h">
      <Filter>Header Files</Filter>
    </ClInclude>
    <ClInclude Include="GxJsonUtility.h">
      <Filter>Header Files</Filter>
    </ClInclude>
    <ClInclude Include="basic_server.h">
      <Filter>Header Files</Filter>
    </ClInclude>
    <ClInclude Include="basic_session.hpp">
      <Filter>Header Files</Filter>
    </ClInclude>
    <ClInclude Include="wget_load_file_server.h">
      <Filter>wget_c_file</Filter>
    </ClInclude>
    <ClInclude Include="upload_file_server.h">
      <Filter>upload_file</Filter>
    </ClInclude>
    <ClInclude Include="upload_json_server.h">
      <Filter>upload_json</Filter>
    </ClInclude>
    <ClInclude Include="file_struct.h">
      <Filter>Header Files</Filter>
    </ClInclude>
    <ClInclude Include="upload_json_session.h">
      <Filter>upload_json</Filter>
    </ClInclude>
    <ClInclude Include="upload_file_session.h">
      <Filter>upload_file</Filter>
    </ClInclude>
    <ClInclude Include="wget_c_file_session.h">
      <Filter>wget_c_file</Filter>
    </ClInclude>
    <ClInclude Include="..\..\share\request.hpp">
      <Filter>Header Files</Filter>
    </ClInclude>
    <ClInclude Include="..\..\share\response.hpp">
      <Filter>Header Files</Filter>
    </ClInclude>
  </ItemGroup>
</Project>